
Microsoft Visual Studio Solution File, Format Version 12.00
# Visual Studio Version 16
VisualStudioVersion = 16.0.35229.62
MinimumVisualStudioVersion = 10.0.40219.1
Project("{8BC9CEB8-8B4A-11D0-8D11-00A0C91BC942}") = "ZeroServer", "ZeroServer.vcxproj", "{3536FA46-2C31-4B98-A349-73D3BD7F41E6}"
EndProject
Global
	GlobalSection(SolutionConfigurationPlatforms) = preSolution
		Debug|x64 = Debug|x64
		Release|x64 = Release|x64
	EndGlobalSection
	GlobalSection(ProjectConfigurationPlatforms) = postSolution
		{3536FA46-2C31-4B98-A349-73D3BD7F41E6}.Debug|x64.ActiveCfg = Debug|x64
		{3536FA46-2C31-4B98-A349-73D3BD7F41E6}.Debug|x64.Build.0 = Debug|x64
		{3536FA46-2C31-4B98-A349-73D3BD7F41E6}.Release|x64.ActiveCfg = Release|x64
		{3536FA46-2C31-4B98-A349-73D3BD7F41E6}.Release|x64.Build.0 = Release|x64
	EndGlobalSection
	GlobalSection(SolutionProperties) = preSolution
		HideSolutionNode = FALSE
	EndGlobalSection
	GlobalSection(ExtensibilityGlobals) = postSolution
		SolutionGuid = {3E6A66BE-2F18-4B35-A21F-14A57B9246E5}
	EndGlobalSection
EndGlobal
